// !$*UTF8*$!
{
	archiveVersion = 1;
	classes = {
	};
	objectVersion = 77;
	objects = {

/* Begin PBXBuildFile section */
		0121ADAAAA8F71D19D399215 /* KanaRepository.swift in Sources */ = {isa = PBXBuildFile; fileRef = EB6B0893323BF170ADDF9C97 /* KanaRepository.swift */; };
		088B2AC17DC5AF8A5AA45879 /* HomeViewModel.swift in Sources */ = {isa = PBXBuildFile; fileRef = B6452243DAE1D1A14C1C3559 /* HomeViewModel.swift */; };
		0EF50522028C317B4B8AD4B7 /* FlashcardWidget.swift in Sources */ = {isa = PBXBuildFile; fileRef = F06AE7EE4D43B70A4B48A499 /* FlashcardWidget.swift */; };
		1053AA617AA58AB6F4EE789D /* WordsView.swift in Sources */ = {isa = PBXBuildFile; fileRef = DA32D0B4EF05DCC916E6E672 /* WordsView.swift */; };
		14510916C3719DE92830E8C4 /* PracticeViewModel.swift in Sources */ = {isa = PBXBuildFile; fileRef = BBF59B93EF534D6DCA048E0A /* PracticeViewModel.swift */; };
		1B696E2E9361373B5B86DFA4 /* DailyKanaService.swift in Sources */ = {isa = PBXBuildFile; fileRef = 9D0251B35D885A332726BE49 /* DailyKanaService.swift */; };
		2CC05D4ED3F37962C11E9210 /* kana_data.json in Resources */ = {isa = PBXBuildFile; fileRef = 765556EE66B8A7B83FD0BAA5 /* kana_data.json */; };
		350891EAA93502ABE5594318 /* MaruWidgetExtension.appex in Embed Foundation Extensions */ = {isa = PBXBuildFile; fileRef = 545179A9C4DAB281F5377C3A /* MaruWidgetExtension.appex */; settings = {ATTRIBUTES = (RemoveHeadersOnCopy, ); }; };
		36A1C3F27F236DCCB946F2AD /* AudioServiceTests.swift in Sources */ = {isa = PBXBuildFile; fileRef = FCDCF4385043DFC26E2A260F /* AudioServiceTests.swift */; };
		3D560E2C6F9D774ECE794B63 /* SQLite in Frameworks */ = {isa = PBXBuildFile; productRef = E1190526E025E19DB5BEB141 /* SQLite */; };
		43C43FD69CEA993EED47BD30 /* SharedModels.swift in Sources */ = {isa = PBXBuildFile; fileRef = 9CD36033CB704F49C327FD69 /* SharedModels.swift */; };
		4420E19AD6F486167A0BE95E /* LockScreenWidget.swift in Sources */ = {isa = PBXBuildFile; fileRef = 4852398EB3A666C312D39E78 /* LockScreenWidget.swift */; };
		446AFCDA5243FB771FD494FF /* SettingsView.swift in Sources */ = {isa = PBXBuildFile; fileRef = C521F89FD6416FB61846C583 /* SettingsView.swift */; };
		4C7E11C8CDD7906A367C07AF /* ContentView.swift in Sources */ = {isa = PBXBuildFile; fileRef = A9196DF7F25C35AB5B63D2AE /* ContentView.swift */; };
		56BB7CC96A4B38135E375C3D /* words_data.json in Resources */ = {isa = PBXBuildFile; fileRef = 440613EA36663C0D4C756E06 /* words_data.json */; };
		635E45AA297FF6BA56AD97AB /* LearningTheme.swift in Sources */ = {isa = PBXBuildFile; fileRef = 445E14370D96EDAD869FD7B5 /* LearningTheme.swift */; };
		71EB22A34DBF64884BB737C4 /* PracticeView.swift in Sources */ = {isa = PBXBuildFile; fileRef = FF8609ABC732E9DC196BB038 /* PracticeView.swift */; };
		7262C31E74ECFFBDB43F1242 /* Constants.swift in Sources */ = {isa = PBXBuildFile; fileRef = CD7CB7CEAC8612317C100185 /* Constants.swift */; };
		758F1350E295CDD95CF4B537 /* DailyKanaWidget.swift in Sources */ = {isa = PBXBuildFile; fileRef = 12FF19E643D587E54A2AFC22 /* DailyKanaWidget.swift */; };
		781B9AD574B86F0F7A1286CE /* KanaCard.swift in Sources */ = {isa = PBXBuildFile; fileRef = EC839A8B58C5B648464CEC38 /* KanaCard.swift */; };
		7B2678640283C8EBD3F1FAF5 /* KanaLearningPath.swift in Sources */ = {isa = PBXBuildFile; fileRef = B3B717432341FA5D6B6927DB /* KanaLearningPath.swift */; };
		828458C6A1AFB68F2E73E894 /* KanaLearningPathTests.swift in Sources */ = {isa = PBXBuildFile; fileRef = 089DAAB3FCE7F81319B4F6FC /* KanaLearningPathTests.swift */; };
		846709DC2461D354A2685C26 /* WordCloud.swift in Sources */ = {isa = PBXBuildFile; fileRef = 3735DC709926ABC2B1764EE0 /* WordCloud.swift */; };
		86926E0137DA699B8E43988D /* WidgetProvider.swift in Sources */ = {isa = PBXBuildFile; fileRef = D87CF0EA16C13B6E70105218 /* WidgetProvider.swift */; };
		A294555F8E9C108F2D9271D0 /* WordsViewModel.swift in Sources */ = {isa = PBXBuildFile; fileRef = DD8F0A643D763FFAD5D64FB3 /* WordsViewModel.swift */; };
		A389C8358907ECD393086876 /* MaruMascot.swift in Sources */ = {isa = PBXBuildFile; fileRef = C730957966D24B0F85A3CF0A /* MaruMascot.swift */; };
		A5137C9E5878A7A3392915C5 /* HomeView.swift in Sources */ = {isa = PBXBuildFile; fileRef = 1A1909931E501BF46E7FF731 /* HomeView.swift */; };
		AD7BB9A609D8DAD2BF93393A /* MaruApp.swift in Sources */ = {isa = PBXBuildFile; fileRef = 1AEF8AEACE7F0D80F7E2A64B /* MaruApp.swift */; };
		B0580F83480B2488E94E46FD /* SQLite in Frameworks */ = {isa = PBXBuildFile; productRef = CB5456DF9F15272C50076F81 /* SQLite */; };
		B2E601523570435D06B1262F /* Constants.swift in Sources */ = {isa = PBXBuildFile; fileRef = CD7CB7CEAC8612317C100185 /* Constants.swift */; };
		B68D771D4375CAA2E1E7C1A0 /* Assets.xcassets in Resources */ = {isa = PBXBuildFile; fileRef = E6B19CB146B4BE77BBDFEE28 /* Assets.xcassets */; };
		B7461CD9C1DF1904625F1146 /* AudioService.swift in Sources */ = {isa = PBXBuildFile; fileRef = 275012408ADBE402573968C9 /* AudioService.swift */; };
		BD7366E3F0B04EBEFCB786E7 /* MaruWidget.swift in Sources */ = {isa = PBXBuildFile; fileRef = 4A33CB6F2F20856AC8FC73C0 /* MaruWidget.swift */; };
		D7C52D53F43CE7A152C7C242 /* PracticeViewModelTests.swift in Sources */ = {isa = PBXBuildFile; fileRef = BF591E78C0A3D62DA5AD38F3 /* PracticeViewModelTests.swift */; };
		DCAE339854D0A4DD1BEEDF5C /* ProgressRing.swift in Sources */ = {isa = PBXBuildFile; fileRef = 0847985F6667288AA00890FD /* ProgressRing.swift */; };
		DE4BF058DFCBD0D2C902AB53 /* KanaChartView.swift in Sources */ = {isa = PBXBuildFile; fileRef = 4C0EF3AC8D316993B91701DA /* KanaChartView.swift */; };
		E077FE3F463491EAE4BD21A3 /* KanaLearningPath.swift in Sources */ = {isa = PBXBuildFile; fileRef = B3B717432341FA5D6B6927DB /* KanaLearningPath.swift */; };
		E43F1936198854B208463594 /* KanaChartViewModel.swift in Sources */ = {isa = PBXBuildFile; fileRef = 8D71B611F26D7A3DB6217C4B /* KanaChartViewModel.swift */; };
		EB0BEFE9524E8D9751C789AF /* SharedDatabase.swift in Sources */ = {isa = PBXBuildFile; fileRef = 5443C2B7B4407C2A4C74AC28 /* SharedDatabase.swift */; };
		F712DE7B0EC406B85A761CBB /* SharedModels.swift in Sources */ = {isa = PBXBuildFile; fileRef = 9CD36033CB704F49C327FD69 /* SharedModels.swift */; };
		FAC21E195749BC950B50A146 /* SharedDatabase.swift in Sources */ = {isa = PBXBuildFile; fileRef = 5443C2B7B4407C2A4C74AC28 /* SharedDatabase.swift */; };
/* End PBXBuildFile section */

/* Begin PBXContainerItemProxy section */
		C60CD61C48562D0967355E7A /* PBXContainerItemProxy */ = {
			isa = PBXContainerItemProxy;
			containerPortal = C7F07115FAEFC965DF15DAC8 /* Project object */;
			proxyType = 1;
			remoteGlobalIDString = 7009F49C86146152ABEF7363;
			remoteInfo = Maru;
		};
		FC47358BBAF8966DCE89AEBA /* PBXContainerItemProxy */ = {
			isa = PBXContainerItemProxy;
			containerPortal = C7F07115FAEFC965DF15DAC8 /* Project object */;
			proxyType = 1;
			remoteGlobalIDString = 8F96C0E1D3829E9EB3E159BE;
			remoteInfo = MaruWidgetExtension;
		};
/* End PBXContainerItemProxy section */

/* Begin PBXCopyFilesBuildPhase section */
		2586C090F1B52B3C12EAF814 /* Embed Foundation Extensions */ = {
			isa = PBXCopyFilesBuildPhase;
			buildActionMask = 2147483647;
			dstPath = "";
			dstSubfolderSpec = 13;
			files = (
				350891EAA93502ABE5594318 /* MaruWidgetExtension.appex in Embed Foundation Extensions */,
			);
			name = "Embed Foundation Extensions";
			runOnlyForDeploymentPostprocessing = 0;
		};
/* End PBXCopyFilesBuildPhase section */

/* Begin PBXFileReference section */
		0847985F6667288AA00890FD /* ProgressRing.swift */ = {isa = PBXFileReference; lastKnownFileType = sourcecode.swift; path = ProgressRing.swift; sourceTree = "<group>"; };
		089DAAB3FCE7F81319B4F6FC /* KanaLearningPathTests.swift */ = {isa = PBXFileReference; lastKnownFileType = sourcecode.swift; path = KanaLearningPathTests.swift; sourceTree = "<group>"; };
		12FF19E643D587E54A2AFC22 /* DailyKanaWidget.swift */ = {isa = PBXFileReference; lastKnownFileType = sourcecode.swift; path = DailyKanaWidget.swift; sourceTree = "<group>"; };
		1A1909931E501BF46E7FF731 /* HomeView.swift */ = {isa = PBXFileReference; lastKnownFileType = sourcecode.swift; path = HomeView.swift; sourceTree = "<group>"; };
		1AEF8AEACE7F0D80F7E2A64B /* MaruApp.swift */ = {isa = PBXFileReference; lastKnownFileType = sourcecode.swift; path = MaruApp.swift; sourceTree = "<group>"; };
		259FAB74FBDD4BB3A01B58A6 /* MaruWidget.entitlements */ = {isa = PBXFileReference; lastKnownFileType = text.plist.entitlements; path = MaruWidget.entitlements; sourceTree = "<group>"; };
		275012408ADBE402573968C9 /* AudioService.swift */ = {isa = PBXFileReference; lastKnownFileType = sourcecode.swift; path = AudioService.swift; sourceTree = "<group>"; };
		3735DC709926ABC2B1764EE0 /* WordCloud.swift */ = {isa = PBXFileReference; lastKnownFileType = sourcecode.swift; path = WordCloud.swift; sourceTree = "<group>"; };
		440613EA36663C0D4C756E06 /* words_data.json */ = {isa = PBXFileReference; lastKnownFileType = text.json; path = words_data.json; sourceTree = "<group>"; };
		445E14370D96EDAD869FD7B5 /* LearningTheme.swift */ = {isa = PBXFileReference; lastKnownFileType = sourcecode.swift; path = LearningTheme.swift; sourceTree = "<group>"; };
		4852398EB3A666C312D39E78 /* LockScreenWidget.swift */ = {isa = PBXFileReference; lastKnownFileType = sourcecode.swift; path = LockScreenWidget.swift; sourceTree = "<group>"; };
		4A33CB6F2F20856AC8FC73C0 /* MaruWidget.swift */ = {isa = PBXFileReference; lastKnownFileType = sourcecode.swift; path = MaruWidget.swift; sourceTree = "<group>"; };
		4C0EF3AC8D316993B91701DA /* KanaChartView.swift */ = {isa = PBXFileReference; lastKnownFileType = sourcecode.swift; path = KanaChartView.swift; sourceTree = "<group>"; };
		5443C2B7B4407C2A4C74AC28 /* SharedDatabase.swift */ = {isa = PBXFileReference; lastKnownFileType = sourcecode.swift; path = SharedDatabase.swift; sourceTree = "<group>"; };
		545179A9C4DAB281F5377C3A /* MaruWidgetExtension.appex */ = {isa = PBXFileReference; includeInIndex = 0; lastKnownFileType = "wrapper.app-extension"; path = MaruWidgetExtension.appex; sourceTree = BUILT_PRODUCTS_DIR; };
		5B3F16B1E0B68E0C4F9A2A60 /* Info.plist */ = {isa = PBXFileReference; lastKnownFileType = text.plist; path = Info.plist; sourceTree = "<group>"; };
		69521D5A78564C0E5C20F1AB /* Maru.app */ = {isa = PBXFileReference; includeInIndex = 0; lastKnownFileType = wrapper.application; path = Maru.app; sourceTree = BUILT_PRODUCTS_DIR; };
		765556EE66B8A7B83FD0BAA5 /* kana_data.json */ = {isa = PBXFileReference; lastKnownFileType = text.json; path = kana_data.json; sourceTree = "<group>"; };
		8D71B611F26D7A3DB6217C4B /* KanaChartViewModel.swift */ = {isa = PBXFileReference; lastKnownFileType = sourcecode.swift; path = KanaChartViewModel.swift; sourceTree = "<group>"; };
		9CD36033CB704F49C327FD69 /* SharedModels.swift */ = {isa = PBXFileReference; lastKnownFileType = sourcecode.swift; path = SharedModels.swift; sourceTree = "<group>"; };
		9D0251B35D885A332726BE49 /* DailyKanaService.swift */ = {isa = PBXFileReference; lastKnownFileType = sourcecode.swift; path = DailyKanaService.swift; sourceTree = "<group>"; };
		A9196DF7F25C35AB5B63D2AE /* ContentView.swift */ = {isa = PBXFileReference; lastKnownFileType = sourcecode.swift; path = ContentView.swift; sourceTree = "<group>"; };
		B3B717432341FA5D6B6927DB /* KanaLearningPath.swift */ = {isa = PBXFileReference; lastKnownFileType = sourcecode.swift; path = KanaLearningPath.swift; sourceTree = "<group>"; };
		B6452243DAE1D1A14C1C3559 /* HomeViewModel.swift */ = {isa = PBXFileReference; lastKnownFileType = sourcecode.swift; path = HomeViewModel.swift; sourceTree = "<group>"; };
		BBF59B93EF534D6DCA048E0A /* PracticeViewModel.swift */ = {isa = PBXFileReference; lastKnownFileType = sourcecode.swift; path = PracticeViewModel.swift; sourceTree = "<group>"; };
		BF591E78C0A3D62DA5AD38F3 /* PracticeViewModelTests.swift */ = {isa = PBXFileReference; lastKnownFileType = sourcecode.swift; path = PracticeViewModelTests.swift; sourceTree = "<group>"; };
		C1EC109CAB17C48603560EA0 /* MaruTests.xctest */ = {isa = PBXFileReference; includeInIndex = 0; lastKnownFileType = wrapper.cfbundle; path = MaruTests.xctest; sourceTree = BUILT_PRODUCTS_DIR; };
		C521F89FD6416FB61846C583 /* SettingsView.swift */ = {isa = PBXFileReference; lastKnownFileType = sourcecode.swift; path = SettingsView.swift; sourceTree = "<group>"; };
		C730957966D24B0F85A3CF0A /* MaruMascot.swift */ = {isa = PBXFileReference; lastKnownFileType = sourcecode.swift; path = MaruMascot.swift; sourceTree = "<group>"; };
		CD7CB7CEAC8612317C100185 /* Constants.swift */ = {isa = PBXFileReference; lastKnownFileType = sourcecode.swift; path = Constants.swift; sourceTree = "<group>"; };
		D87CF0EA16C13B6E70105218 /* WidgetProvider.swift */ = {isa = PBXFileReference; lastKnownFileType = sourcecode.swift; path = WidgetProvider.swift; sourceTree = "<group>"; };
		DA32D0B4EF05DCC916E6E672 /* WordsView.swift */ = {isa = PBXFileReference; lastKnownFileType = sourcecode.swift; path = WordsView.swift; sourceTree = "<group>"; };
		DD8F0A643D763FFAD5D64FB3 /* WordsViewModel.swift */ = {isa = PBXFileReference; lastKnownFileType = sourcecode.swift; path = WordsViewModel.swift; sourceTree = "<group>"; };
		E6B19CB146B4BE77BBDFEE28 /* Assets.xcassets */ = {isa = PBXFileReference; lastKnownFileType = folder.assetcatalog; path = Assets.xcassets; sourceTree = "<group>"; };
		EAC13A5DAF65B0F477D46AC3 /* Info.plist */ = {isa = PBXFileReference; lastKnownFileType = text.plist; path = Info.plist; sourceTree = "<group>"; };
		EB6B0893323BF170ADDF9C97 /* KanaRepository.swift */ = {isa = PBXFileReference; lastKnownFileType = sourcecode.swift; path = KanaRepository.swift; sourceTree = "<group>"; };
		EC839A8B58C5B648464CEC38 /* KanaCard.swift */ = {isa = PBXFileReference; lastKnownFileType = sourcecode.swift; path = KanaCard.swift; sourceTree = "<group>"; };
		F06AE7EE4D43B70A4B48A499 /* FlashcardWidget.swift */ = {isa = PBXFileReference; lastKnownFileType = sourcecode.swift; path = FlashcardWidget.swift; sourceTree = "<group>"; };
		F8D2560154E29DE0F550F041 /* Maru.entitlements */ = {isa = PBXFileReference; lastKnownFileType = text.plist.entitlements; path = Maru.entitlements; sourceTree = "<group>"; };
		FCDCF4385043DFC26E2A260F /* AudioServiceTests.swift */ = {isa = PBXFileReference; lastKnownFileType = sourcecode.swift; path = AudioServiceTests.swift; sourceTree = "<group>"; };
		FF8609ABC732E9DC196BB038 /* PracticeView.swift */ = {isa = PBXFileReference; lastKnownFileType = sourcecode.swift; path = PracticeView.swift; sourceTree = "<group>"; };
/* End PBXFileReference section */

/* Begin PBXFrameworksBuildPhase section */
		CA1CAD20EFEE2D49D78846C2 /* Frameworks */ = {
			isa = PBXFrameworksBuildPhase;
			buildActionMask = 2147483647;
			files = (
				B0580F83480B2488E94E46FD /* SQLite in Frameworks */,
			);
			runOnlyForDeploymentPostprocessing = 0;
		};
		ED164B61571F7D452CC837DE /* Frameworks */ = {
			isa = PBXFrameworksBuildPhase;
			buildActionMask = 2147483647;
			files = (
				3D560E2C6F9D774ECE794B63 /* SQLite in Frameworks */,
			);
			runOnlyForDeploymentPostprocessing = 0;
		};
/* End PBXFrameworksBuildPhase section */

/* Begin PBXGroup section */
		403D5489EF3AF1E4C6A53F6A /* Resources */ = {
			isa = PBXGroup;
			children = (
				E6B19CB146B4BE77BBDFEE28 /* Assets.xcassets */,
				765556EE66B8A7B83FD0BAA5 /* kana_data.json */,
				440613EA36663C0D4C756E06 /* words_data.json */,
			);
			path = Resources;
			sourceTree = "<group>";
		};
		531B1669E2F686CA658E5B54 /* Maru */ = {
			isa = PBXGroup;
			children = (
				EAC13A5DAF65B0F477D46AC3 /* Info.plist */,
				F8D2560154E29DE0F550F041 /* Maru.entitlements */,
				66D5705B7232B930F31F64FB /* App */,
				CD026053CFD8B15F57198DBF /* Database */,
				403D5489EF3AF1E4C6A53F6A /* Resources */,
				B4F3FFF23C92769A23341FA7 /* Services */,
				AAAC06D8CD2DFE40E0819B9E /* ViewModels */,
				D22719629D9E73656C35CE89 /* Views */,
			);
			path = Maru;
			sourceTree = "<group>";
		};
		66D5705B7232B930F31F64FB /* App */ = {
			isa = PBXGroup;
			children = (
				1AEF8AEACE7F0D80F7E2A64B /* MaruApp.swift */,
			);
			path = App;
			sourceTree = "<group>";
		};
		6B2E2B223D7C930E982B0DEC /* Shared */ = {
			isa = PBXGroup;
			children = (
				CD7CB7CEAC8612317C100185 /* Constants.swift */,
				B3B717432341FA5D6B6927DB /* KanaLearningPath.swift */,
				5443C2B7B4407C2A4C74AC28 /* SharedDatabase.swift */,
				9CD36033CB704F49C327FD69 /* SharedModels.swift */,
			);
			path = Shared;
			sourceTree = "<group>";
		};
		7DF6FB38C51FAE5E5E25DD95 = {
			isa = PBXGroup;
			children = (
				531B1669E2F686CA658E5B54 /* Maru */,
				BA5ED3C6C26D1A2CA251122B /* MaruTests */,
				A083A45F94F4A086AF4062E8 /* MaruWidget */,
				6B2E2B223D7C930E982B0DEC /* Shared */,
				FBFE65A0C7FB1B9AB04BB9C4 /* Products */,
			);
			sourceTree = "<group>";
		};
		A083A45F94F4A086AF4062E8 /* MaruWidget */ = {
			isa = PBXGroup;
			children = (
				12FF19E643D587E54A2AFC22 /* DailyKanaWidget.swift */,
				F06AE7EE4D43B70A4B48A499 /* FlashcardWidget.swift */,
				5B3F16B1E0B68E0C4F9A2A60 /* Info.plist */,
				4852398EB3A666C312D39E78 /* LockScreenWidget.swift */,
				259FAB74FBDD4BB3A01B58A6 /* MaruWidget.entitlements */,
				4A33CB6F2F20856AC8FC73C0 /* MaruWidget.swift */,
				D87CF0EA16C13B6E70105218 /* WidgetProvider.swift */,
			);
			path = MaruWidget;
			sourceTree = "<group>";
		};
		A08CFA8D0EC2112E7B867BFE /* Components */ = {
			isa = PBXGroup;
			children = (
				EC839A8B58C5B648464CEC38 /* KanaCard.swift */,
				445E14370D96EDAD869FD7B5 /* LearningTheme.swift */,
				C730957966D24B0F85A3CF0A /* MaruMascot.swift */,
				0847985F6667288AA00890FD /* ProgressRing.swift */,
				3735DC709926ABC2B1764EE0 /* WordCloud.swift */,
			);
			path = Components;
			sourceTree = "<group>";
		};
		AAAC06D8CD2DFE40E0819B9E /* ViewModels */ = {
			isa = PBXGroup;
			children = (
				B6452243DAE1D1A14C1C3559 /* HomeViewModel.swift */,
				8D71B611F26D7A3DB6217C4B /* KanaChartViewModel.swift */,
				BBF59B93EF534D6DCA048E0A /* PracticeViewModel.swift */,
				DD8F0A643D763FFAD5D64FB3 /* WordsViewModel.swift */,
			);
			path = ViewModels;
			sourceTree = "<group>";
		};
		B4F3FFF23C92769A23341FA7 /* Services */ = {
			isa = PBXGroup;
			children = (
				275012408ADBE402573968C9 /* AudioService.swift */,
				9D0251B35D885A332726BE49 /* DailyKanaService.swift */,
			);
			path = Services;
			sourceTree = "<group>";
		};
		BA5ED3C6C26D1A2CA251122B /* MaruTests */ = {
			isa = PBXGroup;
			children = (
				FCDCF4385043DFC26E2A260F /* AudioServiceTests.swift */,
				089DAAB3FCE7F81319B4F6FC /* KanaLearningPathTests.swift */,
				BF591E78C0A3D62DA5AD38F3 /* PracticeViewModelTests.swift */,
			);
			path = MaruTests;
			sourceTree = "<group>";
		};
		CD026053CFD8B15F57198DBF /* Database */ = {
			isa = PBXGroup;
			children = (
				EB6B0893323BF170ADDF9C97 /* KanaRepository.swift */,
			);
			path = Database;
			sourceTree = "<group>";
		};
		D22719629D9E73656C35CE89 /* Views */ = {
			isa = PBXGroup;
			children = (
				A9196DF7F25C35AB5B63D2AE /* ContentView.swift */,
				1A1909931E501BF46E7FF731 /* HomeView.swift */,
				4C0EF3AC8D316993B91701DA /* KanaChartView.swift */,
				FF8609ABC732E9DC196BB038 /* PracticeView.swift */,
				C521F89FD6416FB61846C583 /* SettingsView.swift */,
				DA32D0B4EF05DCC916E6E672 /* WordsView.swift */,
				A08CFA8D0EC2112E7B867BFE /* Components */,
			);
			path = Views;
			sourceTree = "<group>";
		};
		FBFE65A0C7FB1B9AB04BB9C4 /* Products */ = {
			isa = PBXGroup;
			children = (
				69521D5A78564C0E5C20F1AB /* Maru.app */,
				C1EC109CAB17C48603560EA0 /* MaruTests.xctest */,
				545179A9C4DAB281F5377C3A /* MaruWidgetExtension.appex */,
			);
			name = Products;
			sourceTree = "<group>";
		};
/* End PBXGroup section */

/* Begin PBXNativeTarget section */
		7009F49C86146152ABEF7363 /* Maru */ = {
			isa = PBXNativeTarget;
			buildConfigurationList = EB7DCC0B3F0F291B2D6D8B81 /* Build configuration list for PBXNativeTarget "Maru" */;
			buildPhases = (
				8AFEFAB346DF7B662A38E8A5 /* Sources */,
				EE861D1337EE670689F9075C /* Resources */,
				ED164B61571F7D452CC837DE /* Frameworks */,
				2586C090F1B52B3C12EAF814 /* Embed Foundation Extensions */,
			);
			buildRules = (
			);
			dependencies = (
				CD7ACF5B9BD30FF4D46063CB /* PBXTargetDependency */,
			);
			name = Maru;
			packageProductDependencies = (
				E1190526E025E19DB5BEB141 /* SQLite */,
			);
			productName = Maru;
			productReference = 69521D5A78564C0E5C20F1AB /* Maru.app */;
			productType = "com.apple.product-type.application";
		};
		8F96C0E1D3829E9EB3E159BE /* MaruWidgetExtension */ = {
			isa = PBXNativeTarget;
			buildConfigurationList = 5A8AEDFBB445ABCFBA9B77C1 /* Build configuration list for PBXNativeTarget "MaruWidgetExtension" */;
			buildPhases = (
				70A375E6EE6713ACFFA9A071 /* Sources */,
				CA1CAD20EFEE2D49D78846C2 /* Frameworks */,
			);
			buildRules = (
			);
			dependencies = (
			);
			name = MaruWidgetExtension;
			packageProductDependencies = (
				CB5456DF9F15272C50076F81 /* SQLite */,
			);
			productName = MaruWidgetExtension;
			productReference = 545179A9C4DAB281F5377C3A /* MaruWidgetExtension.appex */;
			productType = "com.apple.product-type.app-extension";
		};
		B2B28D2BB5E241C44A0550BB /* MaruTests */ = {
			isa = PBXNativeTarget;
			buildConfigurationList = AFD73F753E158DE1E7D9F6CC /* Build configuration list for PBXNativeTarget "MaruTests" */;
			buildPhases = (
				50FD19510F012FD4A70D77B5 /* Sources */,
			);
			buildRules = (
			);
			dependencies = (
				310406C2B66109D40E042E70 /* PBXTargetDependency */,
			);
			name = MaruTests;
			packageProductDependencies = (
			);
			productName = MaruTests;
			productReference = C1EC109CAB17C48603560EA0 /* MaruTests.xctest */;
			productType = "com.apple.product-type.bundle.unit-test";
		};
/* End PBXNativeTarget section */

/* Begin PBXProject section */
		C7F07115FAEFC965DF15DAC8 /* Project object */ = {
			isa = PBXProject;
			attributes = {
				BuildIndependentTargetsInParallel = YES;
				LastUpgradeCheck = 1500;
				TargetAttributes = {
					7009F49C86146152ABEF7363 = {
						DevelopmentTeam = "";
						ProvisioningStyle = Automatic;
					};
					8F96C0E1D3829E9EB3E159BE = {
						DevelopmentTeam = "";
						ProvisioningStyle = Automatic;
					};
					B2B28D2BB5E241C44A0550BB = {
						DevelopmentTeam = "";
						ProvisioningStyle = Automatic;
					};
				};
			};
			buildConfigurationList = 5A869DAD54ABA7ACDF5B99B3 /* Build configuration list for PBXProject "Maru" */;
			developmentRegion = en;
			hasScannedForEncodings = 0;
			knownRegions = (
				Base,
				en,
			);
			mainGroup = 7DF6FB38C51FAE5E5E25DD95;
			minimizedProjectReferenceProxies = 1;
			packageReferences = (
				665F39661E84E69D165EB0A7 /* XCRemoteSwiftPackageReference "SQLite.swift" */,
			);
			preferredProjectObjectVersion = 77;
			productRefGroup = FBFE65A0C7FB1B9AB04BB9C4 /* Products */;
			projectDirPath = "";
			projectRoot = "";
			targets = (
				7009F49C86146152ABEF7363 /* Maru */,
				B2B28D2BB5E241C44A0550BB /* MaruTests */,
				8F96C0E1D3829E9EB3E159BE /* MaruWidgetExtension */,
			);
		};
/* End PBXProject section */

/* Begin PBXResourcesBuildPhase section */
		EE861D1337EE670689F9075C /* Resources */ = {
			isa = PBXResourcesBuildPhase;
			buildActionMask = 2147483647;
			files = (
				B68D771D4375CAA2E1E7C1A0 /* Assets.xcassets in Resources */,
				2CC05D4ED3F37962C11E9210 /* kana_data.json in Resources */,
				56BB7CC96A4B38135E375C3D /* words_data.json in Resources */,
			);
			runOnlyForDeploymentPostprocessing = 0;
		};
/* End PBXResourcesBuildPhase section */

/* Begin PBXSourcesBuildPhase section */
		50FD19510F012FD4A70D77B5 /* Sources */ = {
			isa = PBXSourcesBuildPhase;
			buildActionMask = 2147483647;
			files = (
				36A1C3F27F236DCCB946F2AD /* AudioServiceTests.swift in Sources */,
				828458C6A1AFB68F2E73E894 /* KanaLearningPathTests.swift in Sources */,
				D7C52D53F43CE7A152C7C242 /* PracticeViewModelTests.swift in Sources */,
			);
			runOnlyForDeploymentPostprocessing = 0;
		};
		70A375E6EE6713ACFFA9A071 /* Sources */ = {
			isa = PBXSourcesBuildPhase;
			buildActionMask = 2147483647;
			files = (
				7262C31E74ECFFBDB43F1242 /* Constants.swift in Sources */,
				758F1350E295CDD95CF4B537 /* DailyKanaWidget.swift in Sources */,
				0EF50522028C317B4B8AD4B7 /* FlashcardWidget.swift in Sources */,
				E077FE3F463491EAE4BD21A3 /* KanaLearningPath.swift in Sources */,
				4420E19AD6F486167A0BE95E /* LockScreenWidget.swift in Sources */,
				BD7366E3F0B04EBEFCB786E7 /* MaruWidget.swift in Sources */,
				EB0BEFE9524E8D9751C789AF /* SharedDatabase.swift in Sources */,
				43C43FD69CEA993EED47BD30 /* SharedModels.swift in Sources */,
				86926E0137DA699B8E43988D /* WidgetProvider.swift in Sources */,
			);
			runOnlyForDeploymentPostprocessing = 0;
		};
		8AFEFAB346DF7B662A38E8A5 /* Sources */ = {
			isa = PBXSourcesBuildPhase;
			buildActionMask = 2147483647;
			files = (
				B7461CD9C1DF1904625F1146 /* AudioService.swift in Sources */,
				B2E601523570435D06B1262F /* Constants.swift in Sources */,
				4C7E11C8CDD7906A367C07AF /* ContentView.swift in Sources */,
				1B696E2E9361373B5B86DFA4 /* DailyKanaService.swift in Sources */,
				A5137C9E5878A7A3392915C5 /* HomeView.swift in Sources */,
				088B2AC17DC5AF8A5AA45879 /* HomeViewModel.swift in Sources */,
				781B9AD574B86F0F7A1286CE /* KanaCard.swift in Sources */,
				DE4BF058DFCBD0D2C902AB53 /* KanaChartView.swift in Sources */,
				E43F1936198854B208463594 /* KanaChartViewModel.swift in Sources */,
				7B2678640283C8EBD3F1FAF5 /* KanaLearningPath.swift in Sources */,
				0121ADAAAA8F71D19D399215 /* KanaRepository.swift in Sources */,
				635E45AA297FF6BA56AD97AB /* LearningTheme.swift in Sources */,
				AD7BB9A609D8DAD2BF93393A /* MaruApp.swift in Sources */,
				A389C8358907ECD393086876 /* MaruMascot.swift in Sources */,
				71EB22A34DBF64884BB737C4 /* PracticeView.swift in Sources */,
				14510916C3719DE92830E8C4 /* PracticeViewModel.swift in Sources */,
				DCAE339854D0A4DD1BEEDF5C /* ProgressRing.swift in Sources */,
				446AFCDA5243FB771FD494FF /* SettingsView.swift in Sources */,
				FAC21E195749BC950B50A146 /* SharedDatabase.swift in Sources */,
				F712DE7B0EC406B85A761CBB /* SharedModels.swift in Sources */,
				846709DC2461D354A2685C26 /* WordCloud.swift in Sources */,
				1053AA617AA58AB6F4EE789D /* WordsView.swift in Sources */,
				A294555F8E9C108F2D9271D0 /* WordsViewModel.swift in Sources */,
			);
			runOnlyForDeploymentPostprocessing = 0;
		};
/* End PBXSourcesBuildPhase section */

/* Begin PBXTargetDependency section */
		310406C2B66109D40E042E70 /* PBXTargetDependency */ = {
			isa = PBXTargetDependency;
			target = 7009F49C86146152ABEF7363 /* Maru */;
			targetProxy = C60CD61C48562D0967355E7A /* PBXContainerItemProxy */;
		};
		CD7ACF5B9BD30FF4D46063CB /* PBXTargetDependency */ = {
			isa = PBXTargetDependency;
			target = 8F96C0E1D3829E9EB3E159BE /* MaruWidgetExtension */;
			targetProxy = FC47358BBAF8966DCE89AEBA /* PBXContainerItemProxy */;
		};
/* End PBXTargetDependency section */

/* Begin XCBuildConfiguration section */
		21367B6261C1E4FE6AB87563 /* Debug */ = {
			isa = XCBuildConfiguration;
			buildSettings = {
				ASSETCATALOG_COMPILER_APPICON_NAME = AppIcon;
				ASSETCATALOG_COMPILER_GLOBAL_ACCENT_COLOR_NAME = AccentColor;
				CODE_SIGN_ENTITLEMENTS = Maru/Maru.entitlements;
				CODE_SIGN_IDENTITY = "iPhone Developer";
				INFOPLIST_FILE = Maru/Info.plist;
				LD_RUNPATH_SEARCH_PATHS = (
					"$(inherited)",
					"@executable_path/Frameworks",
				);
				PRODUCT_BUNDLE_IDENTIFIER = com.maru.app;
				SDKROOT = iphoneos;
				TARGETED_DEVICE_FAMILY = "1,2";
			};
			name = Debug;
		};
		271BB23AFB944C2165863535 /* Release */ = {
			isa = XCBuildConfiguration;
			buildSettings = {
				ASSETCATALOG_COMPILER_APPICON_NAME = AppIcon;
				ASSETCATALOG_COMPILER_GLOBAL_ACCENT_COLOR_NAME = AccentColor;
				CODE_SIGN_ENTITLEMENTS = Maru/Maru.entitlements;
				CODE_SIGN_IDENTITY = "iPhone Developer";
				INFOPLIST_FILE = Maru/Info.plist;
				LD_RUNPATH_SEARCH_PATHS = (
					"$(inherited)",
					"@executable_path/Frameworks",
				);
				PRODUCT_BUNDLE_IDENTIFIER = com.maru.app;
				SDKROOT = iphoneos;
				TARGETED_DEVICE_FAMILY = "1,2";
			};
			name = Release;
		};
		36B14D9DA79B03AB7D4698B8 /* Release */ = {
			isa = XCBuildConfiguration;
			buildSettings = {
				ASSETCATALOG_COMPILER_WIDGET_BACKGROUND_COLOR_NAME = WidgetBackground;
				CODE_SIGN_ENTITLEMENTS = MaruWidget/MaruWidget.entitlements;
				INFOPLIST_FILE = MaruWidget/Info.plist;
				LD_RUNPATH_SEARCH_PATHS = (
					"$(inherited)",
					"@executable_path/Frameworks",
					"@executable_path/../../Frameworks",
				);
				PRODUCT_BUNDLE_IDENTIFIER = com.maru.app.widget;
				SDKROOT = iphoneos;
				TARGETED_DEVICE_FAMILY = "1,2";
			};
			name = Release;
		};
		46BD3D94A3091FCD95BF8F86 /* Debug */ = {
			isa = XCBuildConfiguration;
			buildSettings = {
				ASSETCATALOG_COMPILER_WIDGET_BACKGROUND_COLOR_NAME = WidgetBackground;
				CODE_SIGN_ENTITLEMENTS = MaruWidget/MaruWidget.entitlements;
				INFOPLIST_FILE = MaruWidget/Info.plist;
				LD_RUNPATH_SEARCH_PATHS = (
					"$(inherited)",
					"@executable_path/Frameworks",
					"@executable_path/../../Frameworks",
				);
				PRODUCT_BUNDLE_IDENTIFIER = com.maru.app.widget;
				SDKROOT = iphoneos;
				TARGETED_DEVICE_FAMILY = "1,2";
			};
			name = Debug;
		};
		8B5C4CD512DEBA60E268F1B3 /* Debug */ = {
			isa = XCBuildConfiguration;
			buildSettings = {
				BUNDLE_LOADER = "$(TEST_HOST)";
				GENERATE_INFOPLIST_FILE = YES;
				LD_RUNPATH_SEARCH_PATHS = (
					"$(inherited)",
					"@executable_path/Frameworks",
					"@loader_path/Frameworks",
				);
				PRODUCT_BUNDLE_IDENTIFIER = com.maru.app.tests;
				SDKROOT = iphoneos;
				TARGETED_DEVICE_FAMILY = "1,2";
				TEST_HOST = "$(BUILT_PRODUCTS_DIR)/Maru.app/Maru";
			};
			name = Debug;
		};
		9B9BD7890745F39EEE68CA98 /* Debug */ = {
			isa = XCBuildConfiguration;
			buildSettings = {
				ALWAYS_SEARCH_USER_PATHS = NO;
				CLANG_ANALYZER_NONNULL = YES;
				CLANG_ANALYZER_NUMBER_OBJECT_CONVERSION = YES_AGGRESSIVE;
				CLANG_CXX_LANGUAGE_STANDARD = "gnu++14";
				CLANG_CXX_LIBRARY = "libc++";
				CLANG_ENABLE_MODULES = YES;
				CLANG_ENABLE_OBJC_ARC = YES;
				CLANG_ENABLE_OBJC_WEAK = YES;
				CLANG_WARN_BLOCK_CAPTURE_AUTORELEASING = YES;
				CLANG_WARN_BOOL_CONVERSION = YES;
				CLANG_WARN_COMMA = YES;
				CLANG_WARN_CONSTANT_CONVERSION = YES;
				CLANG_WARN_DEPRECATED_OBJC_IMPLEMENTATIONS = YES;
				CLANG_WARN_DIRECT_OBJC_ISA_USAGE = YES_ERROR;
				CLANG_WARN_DOCUMENTATION_COMMENTS = YES;
				CLANG_WARN_EMPTY_BODY = YES;
				CLANG_WARN_ENUM_CONVERSION = YES;
				CLANG_WARN_INFINITE_RECURSION = YES;
				CLANG_WARN_INT_CONVERSION = YES;
				CLANG_WARN_NON_LITERAL_NULL_CONVERSION = YES;
				CLANG_WARN_OBJC_IMPLICIT_RETAIN_SELF = YES;
				CLANG_WARN_OBJC_LITERAL_CONVERSION = YES;
				CLANG_WARN_OBJC_ROOT_CLASS = YES_ERROR;
				CLANG_WARN_QUOTED_INCLUDE_IN_FRAMEWORK_HEADER = YES;
				CLANG_WARN_RANGE_LOOP_ANALYSIS = YES;
				CLANG_WARN_STRICT_PROTOTYPES = YES;
				CLANG_WARN_SUSPICIOUS_MOVE = YES;
				CLANG_WARN_UNGUARDED_AVAILABILITY = YES_AGGRESSIVE;
				CLANG_WARN_UNREACHABLE_CODE = YES;
				CLANG_WARN__DUPLICATE_METHOD_MATCH = YES;
				CODE_SIGN_STYLE = Automatic;
				COPY_PHASE_STRIP = NO;
				DEBUG_INFORMATION_FORMAT = dwarf;
				DEVELOPMENT_TEAM = "";
				ENABLE_STRICT_OBJC_MSGSEND = YES;
				ENABLE_TESTABILITY = YES;
				GCC_C_LANGUAGE_STANDARD = gnu11;
				GCC_DYNAMIC_NO_PIC = NO;
				GCC_NO_COMMON_BLOCKS = YES;
				GCC_OPTIMIZATION_LEVEL = 0;
				GCC_PREPROCESSOR_DEFINITIONS = (
					"$(inherited)",
					"DEBUG=1",
				);
				GCC_WARN_64_TO_32_BIT_CONVERSION = YES;
				GCC_WARN_ABOUT_RETURN_TYPE = YES_ERROR;
				GCC_WARN_UNDECLARED_SELECTOR = YES;
				GCC_WARN_UNINITIALIZED_AUTOS = YES_AGGRESSIVE;
				GCC_WARN_UNUSED_FUNCTION = YES;
				GCC_WARN_UNUSED_VARIABLE = YES;
				IPHONEOS_DEPLOYMENT_TARGET = 17.0;
				MTL_ENABLE_DEBUG_INFO = INCLUDE_SOURCE;
				MTL_FAST_MATH = YES;
				ONLY_ACTIVE_ARCH = YES;
				PRODUCT_NAME = "$(TARGET_NAME)";
				SDKROOT = iphoneos;
				SWIFT_ACTIVE_COMPILATION_CONDITIONS = DEBUG;
				SWIFT_OPTIMIZATION_LEVEL = "-Onone";
				SWIFT_VERSION = 5.9;
			};
			name = Debug;
		};
		D364F2EDEEDCC0CFCB94EC60 /* Release */ = {
			isa = XCBuildConfiguration;
			buildSettings = {
				BUNDLE_LOADER = "$(TEST_HOST)";
				GENERATE_INFOPLIST_FILE = YES;
				LD_RUNPATH_SEARCH_PATHS = (
					"$(inherited)",
					"@executable_path/Frameworks",
					"@loader_path/Frameworks",
				);
				PRODUCT_BUNDLE_IDENTIFIER = com.maru.app.tests;
				SDKROOT = iphoneos;
				TARGETED_DEVICE_FAMILY = "1,2";
				TEST_HOST = "$(BUILT_PRODUCTS_DIR)/Maru.app/Maru";
			};
			name = Release;
		};
		E5EFBCBBBBAB9848108807E7 /* Release */ = {
			isa = XCBuildConfiguration;
			buildSettings = {
				ALWAYS_SEARCH_USER_PATHS = NO;
				CLANG_ANALYZER_NONNULL = YES;
				CLANG_ANALYZER_NUMBER_OBJECT_CONVERSION = YES_AGGRESSIVE;
				CLANG_CXX_LANGUAGE_STANDARD = "gnu++14";
				CLANG_CXX_LIBRARY = "libc++";
				CLANG_ENABLE_MODULES = YES;
				CLANG_ENABLE_OBJC_ARC = YES;
				CLANG_ENABLE_OBJC_WEAK = YES;
				CLANG_WARN_BLOCK_CAPTURE_AUTORELEASING = YES;
				CLANG_WARN_BOOL_CONVERSION = YES;
				CLANG_WARN_COMMA = YES;
				CLANG_WARN_CONSTANT_CONVERSION = YES;
				CLANG_WARN_DEPRECATED_OBJC_IMPLEMENTATIONS = YES;
				CLANG_WARN_DIRECT_OBJC_ISA_USAGE = YES_ERROR;
				CLANG_WARN_DOCUMENTATION_COMMENTS = YES;
				CLANG_WARN_EMPTY_BODY = YES;
				CLANG_WARN_ENUM_CONVERSION = YES;
				CLANG_WARN_INFINITE_RECURSION = YES;
				CLANG_WARN_INT_CONVERSION = YES;
				CLANG_WARN_NON_LITERAL_NULL_CONVERSION = YES;
				CLANG_WARN_OBJC_IMPLICIT_RETAIN_SELF = YES;
				CLANG_WARN_OBJC_LITERAL_CONVERSION = YES;
				CLANG_WARN_OBJC_ROOT_CLASS = YES_ERROR;
				CLANG_WARN_QUOTED_INCLUDE_IN_FRAMEWORK_HEADER = YES;
				CLANG_WARN_RANGE_LOOP_ANALYSIS = YES;
				CLANG_WARN_STRICT_PROTOTYPES = YES;
				CLANG_WARN_SUSPICIOUS_MOVE = YES;
				CLANG_WARN_UNGUARDED_AVAILABILITY = YES_AGGRESSIVE;
				CLANG_WARN_UNREACHABLE_CODE = YES;
				CLANG_WARN__DUPLICATE_METHOD_MATCH = YES;
				CODE_SIGN_STYLE = Automatic;
				COPY_PHASE_STRIP = NO;
				DEBUG_INFORMATION_FORMAT = "dwarf-with-dsym";
				DEVELOPMENT_TEAM = "";
				ENABLE_NS_ASSERTIONS = NO;
				ENABLE_STRICT_OBJC_MSGSEND = YES;
				GCC_C_LANGUAGE_STANDARD = gnu11;
				GCC_NO_COMMON_BLOCKS = YES;
				GCC_WARN_64_TO_32_BIT_CONVERSION = YES;
				GCC_WARN_ABOUT_RETURN_TYPE = YES_ERROR;
				GCC_WARN_UNDECLARED_SELECTOR = YES;
				GCC_WARN_UNINITIALIZED_AUTOS = YES_AGGRESSIVE;
				GCC_WARN_UNUSED_FUNCTION = YES;
				GCC_WARN_UNUSED_VARIABLE = YES;
				IPHONEOS_DEPLOYMENT_TARGET = 17.0;
				MTL_ENABLE_DEBUG_INFO = NO;
				MTL_FAST_MATH = YES;
				PRODUCT_NAME = "$(TARGET_NAME)";
				SDKROOT = iphoneos;
				SWIFT_COMPILATION_MODE = wholemodule;
				SWIFT_OPTIMIZATION_LEVEL = "-O";
				SWIFT_VERSION = 5.9;
			};
			name = Release;
		};
/* End XCBuildConfiguration section */

/* Begin XCConfigurationList section */
		5A869DAD54ABA7ACDF5B99B3 /* Build configuration list for PBXProject "Maru" */ = {
			isa = XCConfigurationList;
			buildConfigurations = (
				9B9BD7890745F39EEE68CA98 /* Debug */,
				E5EFBCBBBBAB9848108807E7 /* Release */,
			);
			defaultConfigurationIsVisible = 0;
			defaultConfigurationName = Debug;
		};
		5A8AEDFBB445ABCFBA9B77C1 /* Build configuration list for PBXNativeTarget "MaruWidgetExtension" */ = {
			isa = XCConfigurationList;
			buildConfigurations = (
				46BD3D94A3091FCD95BF8F86 /* Debug */,
				36B14D9DA79B03AB7D4698B8 /* Release */,
			);
			defaultConfigurationIsVisible = 0;
			defaultConfigurationName = Debug;
		};
		AFD73F753E158DE1E7D9F6CC /* Build configuration list for PBXNativeTarget "MaruTests" */ = {
			isa = XCConfigurationList;
			buildConfigurations = (
				8B5C4CD512DEBA60E268F1B3 /* Debug */,
				D364F2EDEEDCC0CFCB94EC60 /* Release */,
			);
			defaultConfigurationIsVisible = 0;
			defaultConfigurationName = Debug;
		};
		EB7DCC0B3F0F291B2D6D8B81 /* Build configuration list for PBXNativeTarget "Maru" */ = {
			isa = XCConfigurationList;
			buildConfigurations = (
				21367B6261C1E4FE6AB87563 /* Debug */,
				271BB23AFB944C2165863535 /* Release */,
			);
			defaultConfigurationIsVisible = 0;
			defaultConfigurationName = Debug;
		};
/* End XCConfigurationList section */

/* Begin XCRemoteSwiftPackageReference section */
		665F39661E84E69D165EB0A7 /* XCRemoteSwiftPackageReference "SQLite.swift" */ = {
			isa = XCRemoteSwiftPackageReference;
			repositoryURL = "https://github.com/stephencelis/SQLite.swift";
			requirement = {
				kind = upToNextMajorVersion;
				minimumVersion = 0.15.0;
			};
		};
/* End XCRemoteSwiftPackageReference section */

/* Begin XCSwiftPackageProductDependency section */
		CB5456DF9F15272C50076F81 /* SQLite */ = {
			isa = XCSwiftPackageProductDependency;
			package = 665F39661E84E69D165EB0A7 /* XCRemoteSwiftPackageReference "SQLite.swift" */;
			productName = SQLite;
		};
		E1190526E025E19DB5BEB141 /* SQLite */ = {
			isa = XCSwiftPackageProductDependency;
			package = 665F39661E84E69D165EB0A7 /* XCRemoteSwiftPackageReference "SQLite.swift" */;
			productName = SQLite;
		};
/* End XCSwiftPackageProductDependency section */
	};
	rootObject = C7F07115FAEFC965DF15DAC8 /* Project object */;
}
